
Microsoft Visual Studio Solution File, Format Version 12.00
# Visual Studio Version 16
VisualStudioVersion = 16.0.31410.357
MinimumVisualStudioVersion = 10.0.40219.1
Project("{FAE04EC0-301F-11D3-BF4B-00C04F79EFBC}") = "Procject_01", "Procject_01\Procject_01.csproj", "{EBF29747-14D2-4D2A-8BEF-7F3BE947F4C4}"
EndProject
Project("{FAE04EC0-301F-11D3-BF4B-00C04F79EFBC}") = "project_02", "Ex_02\project_02.csproj", "{4C1C3080-9DB6-4778-BD83-07EC773B3666}"
EndProject
Global
	GlobalSection(SolutionConfigurationPlatforms) = preSolution
		Debug|Any CPU = Debug|Any CPU
		Release|Any CPU = Release|Any CPU
	EndGlobalSection
	GlobalSection(ProjectConfigurationPlatforms) = postSolution
		{EBF29747-14D2-4D2A-8BEF-7F3BE947F4C4}.Debug|Any CPU.ActiveCfg = Debug|Any CPU
		{EBF29747-14D2-4D2A-8BEF-7F3BE947F4C4}.Debug|Any CPU.Build.0 = Debug|Any CPU
		{EBF29747-14D2-4D2A-8BEF-7F3BE947F4C4}.Release|Any CPU.ActiveCfg = Release|Any CPU
		{EBF29747-14D2-4D2A-8BEF-7F3BE947F4C4}.Release|Any CPU.Build.0 = Release|Any CPU
		{4C1C3080-9DB6-4778-BD83-07EC773B3666}.Debug|Any CPU.ActiveCfg = Debug|Any CPU
		{4C1C3080-9DB6-4778-BD83-07EC773B3666}.Debug|Any CPU.Build.0 = Debug|Any CPU
		{4C1C3080-9DB6-4778-BD83-07EC773B3666}.Release|Any CPU.ActiveCfg = Release|Any CPU
		{4C1C3080-9DB6-4778-BD83-07EC773B3666}.Release|Any CPU.Build.0 = Release|Any CPU
	EndGlobalSection
	GlobalSection(SolutionProperties) = preSolution
		HideSolutionNode = FALSE
	EndGlobalSection
	GlobalSection(ExtensibilityGlobals) = postSolution
		SolutionGuid = {13E6EF1C-F67F-462B-B1FD-0DD75D170075}
	EndGlobalSection
EndGlobal
